
Microsoft Visual Studio Solution File, Format Version 12.00
# Visual Studio Version 17
VisualStudioVersion = 17.5.33516.290
MinimumVisualStudioVersion = 10.0.40219.1
Project("{9A19103F-16F7-4668-BE54-9A1E7A4F7556}") = "backend", "backend\backend.csproj", "{0FA86949-0476-494C-AC3B-4FCDCC933848}"
EndProject
Project("{FAE04EC0-301F-11D3-BF4B-00C04F79EFBC}") = "backend.DAL", "backend.DAL\backend.DAL.csproj", "{8291DB02-4A72-4FFF-A59E-A562800917FE}"
EndProject
Project("{FAE04EC0-301F-11D3-BF4B-00C04F79EFBC}") = "backend.BLL", "backend.BLL\backend.BLL.csproj", "{0FA22748-7535-4FF5-A938-AD8FB7ED4267}"
EndProject
Global
	GlobalSection(SolutionConfigurationPlatforms) = preSolution
		Debug|Any CPU = Debug|Any CPU
		Release|Any CPU = Release|Any CPU
	EndGlobalSection
	GlobalSection(ProjectConfigurationPlatforms) = postSolution
		{0FA86949-0476-494C-AC3B-4FCDCC933848}.Debug|Any CPU.ActiveCfg = Debug|Any CPU
		{0FA86949-0476-494C-AC3B-4FCDCC933848}.Debug|Any CPU.Build.0 = Debug|Any CPU
		{0FA86949-0476-494C-AC3B-4FCDCC933848}.Release|Any CPU.ActiveCfg = Release|Any CPU
		{0FA86949-0476-494C-AC3B-4FCDCC933848}.Release|Any CPU.Build.0 = Release|Any CPU
		{8291DB02-4A72-4FFF-A59E-A562800917FE}.Debug|Any CPU.ActiveCfg = Debug|Any CPU
		{8291DB02-4A72-4FFF-A59E-A562800917FE}.Debug|Any CPU.Build.0 = Debug|Any CPU
		{8291DB02-4A72-4FFF-A59E-A562800917FE}.Release|Any CPU.ActiveCfg = Release|Any CPU
		{8291DB02-4A72-4FFF-A59E-A562800917FE}.Release|Any CPU.Build.0 = Release|Any CPU
		{0FA22748-7535-4FF5-A938-AD8FB7ED4267}.Debug|Any CPU.ActiveCfg = Debug|Any CPU
		{0FA22748-7535-4FF5-A938-AD8FB7ED4267}.Debug|Any CPU.Build.0 = Debug|Any CPU
		{0FA22748-7535-4FF5-A938-AD8FB7ED4267}.Release|Any CPU.ActiveCfg = Release|Any CPU
		{0FA22748-7535-4FF5-A938-AD8FB7ED4267}.Release|Any CPU.Build.0 = Release|Any CPU
	EndGlobalSection
	GlobalSection(SolutionProperties) = preSolution
		HideSolutionNode = FALSE
	EndGlobalSection
	GlobalSection(ExtensibilityGlobals) = postSolution
		SolutionGuid = {3C3A69B1-3C3B-4988-AB57-FC551F421A63}
	EndGlobalSection
EndGlobal
